version = 1
revision = 3
requires-python = ">=3.11"
resolution-markers = [
    "python_full_version >= '3.14'",
    "python_full_version == '3.13.*'",
    "python_full_version < '3.13'",
]

[[package]]
name = "colorama"
version = "0.4.6"
source = { registry = "https://pkgs.dev.azure.com/papeete-consulting/_packaging/papeete-python/pypi/simple/" }
sdist = { url = "https://pkgs.dev.azure.com/papeete-consulting/_packaging/cdf01efa-6739-4cac-9593-831995809054/pypi/download/colorama/0.4.6/colorama-0.4.6.tar.gz", hash = "sha256:08695f5cb7ed6e0531a20572697297273c47b8cae5a63ffc6d6ed5c201be6e44" }
wheels = [
    { url = "https://pkgs.dev.azure.com/papeete-consulting/_packaging/cdf01efa-6739-4cac-9593-831995809054/pypi/download/colorama/0.4.6/colorama-0.4.6-py2.py3-none-any.whl", hash = "sha256:4f1d9991f5acc0ca119f9d443620b77f9d6b33703e51011c16baf57afb285fc6" },
]

[[package]]
name = "foundry-task-orchestration-actor"
version = "0.6.0"
source = { editable = "." }
dependencies = [
    { name = "papeete-actor-synchronous-messaging" },
    { name = "papeete-deploy" },
    { name = "papeete-version" },
    { name = "pyyaml" },
]

[package.optional-dependencies]
dev = [
    { name = "pytest" },
]
serve = [
    { name = "papeete-actor-synchronous-messaging-http" },
    { name = "papeete-observability" },
]

[package.metadata]
requires-dist = [
    { name = "papeete-actor-synchronous-messaging", specifier = ">=0.2.1" },
    { name = "papeete-actor-synchronous-messaging-http", marker = "extra == 'serve'", specifier = ">=0.4.0" },
    { name = "papeete-deploy", specifier = ">=0.5.0" },
    { name = "papeete-observability", marker = "extra == 'serve'", specifier = ">=0.1.0" },
    { name = "papeete-version", specifier = ">=0.1.0" },
    { name = "pytest", marker = "extra == 'dev'", specifier = ">=8.0" },
    { name = "pyyaml", specifier = ">=6.0" },
]
provides-extras = ["serve", "dev"]

[[package]]
name = "googleapis-common-protos"
version = "1.75.3"
source = { registry = "https://pkgs.dev.azure.com/papeete-consulting/_packaging/papeete-python/pypi/simple/" }
dependencies = [
    { name = "protobuf" },
]
sdist = { url = "https://pkgs.dev.azure.com/papeete-consulting/_packaging/cdf01efa-6739-4cac-9593-831995809054/pypi/download/googleapis-common-protos/1.75.3/googleapis_common_protos-1.75.3.tar.gz", hash = "sha256:57c435ac2c68b108999b6db075d9053e4d7a936ba57b4a3d45667b1346f1738a" }
wheels = [
    { url = "https://pkgs.dev.azure.com/papeete-consulting/_packaging/cdf01efa-6739-4cac-9593-831995809054/pypi/download/googleapis-common-protos/1.75.3/googleapis_common_protos-1.75.3-py3-none-any.whl", hash = "sha256:a018d2bf098ca9fb6faa08d5bb780e2a2c2f73c566f069761331386c9596d3f2" },
]

[[package]]
name = "grpcio"
version = "1.83.1"
source = { registry = "https://pkgs.dev.azure.com/papeete-consulting/_packaging/papeete-python/pypi/simple/" }
dependencies = [
    { name = "typing-extensions" },
]
sdist = { url = "https://pkgs.dev.azure.com/papeete-consulting/_packaging/cdf01efa-6739-4cac-9593-831995809054/pypi/download/grpcio/1.83.1/grpcio-1.83.1.tar.gz", hash = "sha256:9cee6fcbf2eb57c4b49451787bfa87be8efc1ca02a0b327dd4b54d44502e362b" }
wheels = [
    { url = "https://pkgs.dev.azure.com/papeete-consulting/_packaging/cdf01efa-6739-4cac-9593-831995809054/pypi/download/grpcio/1.83.1/grpcio-1.83.1-cp311-cp311-linux_armv7l.whl", hash = "sha256:907a5e5afb31f7a46376afc1a1edddd7afa00a74bbbc5b78979bbc34479581f6" },
    { url = "https://pkgs.dev.azure.com/papeete-consulting/_packaging/cdf01efa-6739-4cac-9593-831995809054/pypi/download/grpcio/1.83.1/grpcio-1.83.1-cp311-cp311-macosx_11_0_universal2.whl", hash = "sha256:547645f02499c972f3edec9be4db9997f1d03df307c1c199772342ed6d8b3c6d" },
    { url = "https://pkgs.dev.azure.com/papeete-consulting/_packaging/cdf01efa-6739-4cac-9593-831995809054/pypi/download/grpcio/1.83.1/grpcio-1.83.1-cp311-cp311-manylinux2014_aarch64.manylinux_2_17_aarch64.whl", hash = "sha256:34f1841fc6d1d76f8a2d74177eafa2d1ec7d7e039633488c9fcc1b375a1fc165" },
    { url = "https://pkgs.dev.azure.com/papeete-consulting/_packaging/cdf01efa-6739-4cac-9593-831995809054/pypi/download/grpcio/1.83.1/grpcio-1.83.1-cp311-cp311-manylinux2014_i686.manylinux_2_17_i686.whl", hash = "sha256:05ba265193fbd9f63355311ec7567bba32a72aeb8e9fd7b3443e4fcad87b0750" },
    { url = "https://pkgs.dev.azure.com/papeete-consulting/_packaging/cdf01efa-6739-4cac-9593-831995809054/pypi/download/grpcio/1.83.1/grpcio-1.83.1-cp311-cp311-manylinux2014_x86_64.manylinux_2_17_x86_64.whl", hash = "sha256:5cce1d9fe2887239f054dc9c314597e04f33d2e6bd3150a91c4946d7e5be5d98" },
    { url = "https://pkgs.dev.azure.com/papeete-consulting/_packaging/cdf01efa-6739-4cac-9593-831995809054/pypi/download/grpcio/1.83.1/grpcio-1.83.1-cp311-cp311-musllinux_1_2_aarch64.whl", hash = "sha256:f732feb060ef57c1a040c24cee072ba9fab99bd0a7d2c916ef3f1c4d84b98974" },
    { url = "https://pkgs.dev.azure.com/papeete-consulting/_packaging/cdf01efa-6739-4cac-9593-831995809054/pypi/download/grpcio/1.83.1/grpcio-1.83.1-cp311-cp311-musllinux_1_2_i686.whl", hash = "sha256:145b0050d24eb38accd9dc7ae09a3c09b8e7330159f3cfb46b1dba8711d50c42" },
    { url = "https://pkgs.dev.azure.com/papeete-consulting/_packaging/cdf01efa-6739-4cac-9593-831995809054/pypi/download/grpcio/1.83.1/grpcio-1.83.1-cp311-cp311-musllinux_1_2_x86_64.whl", hash = "sha256:e844cdb25c3c93c7572e0a37137c12305efea493be4eb65801b3ee93f180c186" },
    { url = "https://pkgs.dev.azure.com/papeete-consulting/_packaging/cdf01efa-6739-4cac-9593-831995809054/pypi/download/grpcio/1.83.1/grpcio-1.83.1-cp311-cp311-win32.whl", hash = "sha256:0d07661944477517b12a239e18720c8d9038f80a62f2c56260fae80327f43d2a" },
    { url = "https://pkgs.dev.azure.com/papeete-consulting/_packaging/cdf01efa-6739-4cac-9593-831995809054/pypi/download/grpcio/1.83.1/grpcio-1.83.1-cp311-cp311-win_amd64.whl", hash = "sha256:e572da3e247b28a98f46636d33c756e81ffb0f5def96c231ba45332333060595" },
    { url = "https://pkgs.dev.azure.com/papeete-consulting/_packaging/cdf01efa-6739-4cac-9593-831995809054/pypi/download/grpcio/1.83.1/grpcio-1.83.1-cp312-cp312-linux_armv7l.whl", hash = "sha256:5acd14c6ddf047de62cbf8745b11103ea91abbf57d1b8edd5395ccd9fcd13abb" },
    { url = "https://pkgs.dev.azure.com/papeete-consulting/_packaging/cdf01efa-6739-4cac-9593-831995809054/pypi/download/grpcio/1.83.1/grpcio-1.83.1-cp312-cp312-macosx_11_0_universal2.whl", hash = "sha256:16138031a47b771860a16a975b53087f4fd5bbdbb2c03a188c5d90ad65d2bdae" },
    { url = "https://pkgs.dev.azure.com/papeete-consulting/_packaging/cdf01efa-6739-4cac-9593-831995809054/pypi/download/grpcio/1.83.1/grpcio-1.83.1-cp312-cp312-manylinux2014_aarch64.manylinux_2_17_aarch64.whl", hash = "sha256:5ccc26715fd4defca5e129e280dd883b1737b65045ec50ffe22ce42104089519" },
    { url = "https://pkgs.dev.azure.com/papeete-consulting/_packaging/cdf01efa-6739-4cac-9593-831995809054/pypi/download/grpcio/1.83.1/grpcio-1.83.1-cp312-cp312-manylinux2014_i686.manylinux_2_17_i686.whl", hash = "sha256:b74f2a1d9ab1dfa3e263ef33d581613679b78d0884babf11671af26e45570ead" },
    { url = "https://pkgs.dev.azure.com/papeete-consulting/_packaging/cdf01efa-6739-4cac-9593-831995809054/pypi/download/grpcio/1.83.1/grpcio-1.83.1-cp312-cp312-manylinux2014_x86_64.manylinux_2_17_x86_64.whl", hash = "sha256:72578aa07a4008f17521ef52debcc3acfd1e2c5426243bc3ffb56a38bfe610b7" },
    { url = "https://pkgs.dev.azure.com/papeete-consulting/_packaging/cdf01efa-6739-4cac-9593-831995809054/pypi/download/grpcio/1.83.1/grpcio-1.83.1-cp312-cp312-musllinux_1_2_aarch64.whl", hash = "sha256:c12e1fc59c6dc26d10d9144453ddc6cbfe4cd4c31e874ed2d0132f88e685eb8b" },
    { url = "https://pkgs.dev.azure.com/papeete-consulting/_packaging/cdf01efa-6739-4cac-9593-831995809054/pypi/download/grpcio/1.83.1/grpcio-1.83.1-cp312-cp312-musllinux_1_2_i686.whl", hash = "sha256:4910b62f7d12197160bfb7de06d876d64dd12d43483e8292f98f49ca09b628d9" },
    { url = "https://pkgs.dev.azure.com/papeete-consulting/_packaging/cdf01efa-6739-4cac-9593-831995809054/pypi/download/grpcio/1.83.1/grpcio-1.83.1-cp312-cp312-musllinux_1_2_x86_64.whl", hash = "sha256:9e703effe3ae779925c82ac24fdb82cf4105e1096810151ed9501c5f34546b9c" },
    { url = "https://pkgs.dev.azure.com/papeete-consulting/_packaging/cdf01efa-6739-4cac-9593-831995809054/pypi/download/grpcio/1.83.1/grpcio-1.83.1-cp312-cp312-win32.whl", hash = "sha256:a2aea8bd6e0a34f12cbaddb7bb70bec836818789fa5c7ab7572c6b745396a2d4" },
    { url = "https://pkgs.dev.azure.com/papeete-consulting/_packaging/cdf01efa-6739-4cac-9593-831995809054/pypi/download/grpcio/1.83.1/grpcio-1.83.1-cp312-cp312-win_amd64.whl", hash = "sha256:583bf2e8255040a4a312f9572dfe62a05271437b149550e1a536d5c47d2d1e8a" },
    { url = "https://pkgs.dev.azure.com/papeete-consulting/_packaging/cdf01efa-6739-4cac-9593-831995809054/pypi/download/grpcio/1.83.1/grpcio-1.83.1-cp313-cp313-linux_armv7l.whl", hash = "sha256:8d228e253b77865efcbdd7b5894ca882c9e0ea98c02b7d20582e61ded8dfd4b5" },
    { url = "https://pkgs.dev.azure.com/papeete-consulting/_packaging/cdf01efa-6739-4cac-9593-831995809054/pypi/download/grpcio/1.83.1/grpcio-1.83.1-cp313-cp313-macosx_11_0_universal2.whl", hash = "sha256:0468b627f2987c9a77f7580030207cbd85457ffe52998beff4f0b5c38c58a72c" },
    { url = "https://pkgs.dev.azure.com/papeete-consulting/_packaging/cdf01efa-6739-4cac-9593-831995809054/pypi/download/grpcio/1.83.1/grpcio-1.83.1-cp313-cp313-manylinux2014_aarch64.manylinux_2_17_aarch64.whl", hash = "sha256:a6a282e81530cead60bbd752cc04950a57f224379e9821495d6a35bd5ce9b1f4" },
    { url = "https://pkgs.dev.azure.com/papeete-consulting/_packaging/cdf01efa-6739-4cac-9593-831995809054/pypi/download/grpcio/1.83.1/grpcio-1.83.1-cp313-cp313-manylinux2014_i686.manylinux_2_17_i686.whl", hash = "sha256:947d945f52e8ecf3cafd2bb7113502a16ccfda3e12c854443094de32d83ad432" },
    { url = "https://pkgs.dev.azure.com/papeete-consulting/_packaging/cdf01efa-6739-4cac-9593-831995809054/pypi/download/grpcio/1.83.1/grpcio-1.83.1-cp313-cp313-manylinux2014_x86_64.manylinux_2_17_x86_64.whl", hash = "sha256:55656318d5dd387077396dffb929171ca3966e24bfead9a6c5dba9f889062cb4" },
    { url = "https://pkgs.dev.azure.com/papeete-consulting/_packaging/cdf01efa-6739-4cac-9593-831995809054/pypi/download/grpcio/1.83.1/grpcio-1.83.1-cp313-cp313-musllinux_1_2_aarch64.whl", hash = "sha256:9daf5acf4fc9d5f5627229969c2580a91e511779d76e4ccdeb9f4770f05d8bc2" },
    { url = "https://pkgs.dev.azure.com/papeete-consulting/_packaging/cdf01efa-6739-4cac-9593-831995809054/pypi/download/grpcio/1.83.1/grpcio-1.83.1-cp313-cp313-musllinux_1_2_i686.whl", hash = "sha256:7b94174cbca93316888f805efbeb08f1c020f7b7493d2d50cc4f6b64ebb7e8bd" },
    { url = "https://pkgs.dev.azure.com/papeete-consulting/_packaging/cdf01efa-6739-4cac-9593-831995809054/pypi/download/grpcio/1.83.1/grpcio-1.83.1-cp313-cp313-musllinux_1_2_x86_64.whl", hash = "sha256:65c5a7210911ffe0f67b1cdc5308f9854b6d1f1b345e3e49ab7cac1ba50fa346" },
    { url = "https://pkgs.dev.azure.com/papeete-consulting/_packaging/cdf01efa-6739-4cac-9593-831995809054/pypi/download/grpcio/1.83.1/grpcio-1.83.1-cp313-cp313-win32.whl", hash = "sha256:179368d9361854616ce6f397d4716e07480129652752fcbcfc5a7260455ad6f2" },
    { url = "https://pkgs.dev.azure.com/papeete-consulting/_packaging/cdf01efa-6739-4cac-9593-831995809054/pypi/download/grpcio/1.83.1/grpcio-1.83.1-cp313-cp313-win_amd64.whl", hash = "sha256:2e57af456385491a76e13c4aada8c8f43a8e47051e06ea97a9dbe2a49654e6db" },
    { url = "https://pkgs.dev.azure.com/papeete-consulting/_packaging/cdf01efa-6739-4cac-9593-831995809054/pypi/download/grpcio/1.83.1/grpcio-1.83.1-cp314-cp314-linux_armv7l.whl", hash = "sha256:8b3c87ca908296bf125f841d3e1a2225a2b39aaa8ed7a57e7ccde465ee519bab" },
    { url = "https://pkgs.dev.azure.com/papeete-consulting/_packaging/cdf01efa-6739-4cac-9593-831995809054/pypi/download/grpcio/1.83.1/grpcio-1.83.1-cp314-cp314-macosx_11_0_universal2.whl", hash = "sha256:c0f3f20c90e72a171917ae65706500b096a1c3eb5f162c3ce702a2e25635f132" },
    { url = "https://pkgs.dev.azure.com/papeete-consulting/_packaging/cdf01efa-6739-4cac-9593-831995809054/pypi/download/grpcio/1.83.1/grpcio-1.83.1-cp314-cp314-manylinux2014_aarch64.manylinux_2_17_aarch64.whl", hash = "sha256:81bbf35a46bf8cad2dfbb2eccc19c711befb58b288acb534bbcd0d74283202a6" },
    { url = "https://pkgs.dev.azure.com/papeete-consulting/_packaging/cdf01efa-6739-4cac-9593-831995809054/pypi/download/grpcio/1.83.1/grpcio-1.83.1-cp314-cp314-manylinux2014_i686.manylinux_2_17_i686.whl", hash = "sha256:215cec07d11176507387bda4bf2751816e880f9bff8dc1ca524bfbb8ed8f2fad" },
    { url = "https://pkgs.dev.azure.com/papeete-consulting/_packaging/cdf01efa-6739-4cac-9593-831995809054/pypi/download/grpcio/1.83.1/grpcio-1.83.1-cp314-cp314-manylinux2014_x86_64.manylinux_2_17_x86_64.whl", hash = "sha256:abce7d43ec29cd39230fa8339de1a07643b55adc412a454850fbd875349950ff" },
    { url = "https://pkgs.dev.azure.com/papeete-consulting/_packaging/cdf01efa-6739-4cac-9593-831995809054/pypi/download/grpcio/1.83.1/grpcio-1.83.1-cp314-cp314-musllinux_1_2_aarch64.whl", hash = "sha256:e256f95a40e3b0183a98556fb7164d24b97eeb353123ccabfcba94712b35ee2a" },
    { url = "https://pkgs.dev.azure.com/papeete-consulting/_packaging/cdf01efa-6739-4cac-9593-831995809054/pypi/download/grpcio/1.83.1/grpcio-1.83.1-cp314-cp314-musllinux_1_2_i686.whl", hash = "sha256:2110059146fb0ea216e1ffddb29377b5cc2fd412a5b0a92e102616bd5edf18c2" },
    { url = "https://pkgs.dev.azure.com/papeete-consulting/_packaging/cdf01efa-6739-4cac-9593-831995809054/pypi/download/grpcio/1.83.1/grpcio-1.83.1-cp314-cp314-musllinux_1_2_x86_64.whl", hash = "sha256:20d944d967843f8183f9f23d5916388362e5f8eeeae855bbe4354d906dc9f31b" },
    { url = "https://pkgs.dev.azure.com/papeete-consulting/_packaging/cdf01efa-6739-4cac-9593-831995809054/pypi/download/grpcio/1.83.1/grpcio-1.83.1-cp314-cp314-win32.whl", hash = "sha256:623c87c6d4a1cb30d82c4e896f95477050f2e01b4a1f8cf91ff2b1abdf89c457" },
    { url = "https://pkgs.dev.azure.com/papeete-consulting/_packaging/cdf01efa-6739-4cac-9593-831995809054/pypi/download/grpcio/1.83.1/grpcio-1.83.1-cp314-cp314-win_amd64.whl", hash = "sha256:47e6934ad38779271e2e7cc5f78a63a407cf3d98114c65c1fdbcd3f5a716f29b" },
]

[[package]]
name = "iniconfig"
version = "2.3.0"
source = { registry = "https://pkgs.dev.azure.com/papeete-consulting/_packaging/papeete-python/pypi/simple/" }
sdist = { url = "https://pkgs.dev.azure.com/papeete-consulting/_packaging/cdf01efa-6739-4cac-9593-831995809054/pypi/download/iniconfig/2.3/iniconfig-2.3.0.tar.gz", hash = "sha256:c76315c77db068650d49c5b56314774a7804df16fee4402c1f19d6d15d8c4730" }
wheels = [
    { url = "https://pkgs.dev.azure.com/papeete-consulting/_packaging/cdf01efa-6739-4cac-9593-831995809054/pypi/download/iniconfig/2.3/iniconfig-2.3.0-py3-none-any.whl", hash = "sha256:f631c04d2c48c52b84d0d0549c99ff3859c98df65b3101406327ecc7d53fbf12" },
]

[[package]]
name = "opentelemetry-api"
version = "1.44.0"
source = { registry = "https://pkgs.dev.azure.com/papeete-consulting/_packaging/papeete-python/pypi/simple/" }
dependencies = [
    { name = "typing-extensions" },
]
sdist = { url = "https://pkgs.dev.azure.com/papeete-consulting/_packaging/cdf01efa-6739-4cac-9593-831995809054/pypi/download/opentelemetry-api/1.44/opentelemetry_api-1.44.0.tar.gz", hash = "sha256:67647e5e9566edcf421166fdf022b3537f818635daa852b289e34604dc6fb33a" }
wheels = [
    { url = "https://pkgs.dev.azure.com/papeete-consulting/_packaging/cdf01efa-6739-4cac-9593-831995809054/pypi/download/opentelemetry-api/1.44/opentelemetry_api-1.44.0-py3-none-any.whl", hash = "sha256:94b98c893a91b88657eaac1e3ba89618cdb85be6918196705354f34728b2cdef" },
]

[[package]]
name = "opentelemetry-exporter-otlp-proto-common"
version = "1.44.0"
source = { registry = "https://pkgs.dev.azure.com/papeete-consulting/_packaging/papeete-python/pypi/simple/" }
dependencies = [
    { name = "opentelemetry-proto" },
]
sdist = { url = "https://pkgs.dev.azure.com/papeete-consulting/_packaging/cdf01efa-6739-4cac-9593-831995809054/pypi/download/opentelemetry-exporter-otlp-proto-common/1.44/opentelemetry_exporter_otlp_proto_common-1.44.0.tar.gz", hash = "sha256:dc87a5a5bc58f149a56d1547e4691588fa12994cdc3bc039a694ccb3375862ac" }
wheels = [
    { url = "https://pkgs.dev.azure.com/papeete-consulting/_packaging/cdf01efa-6739-4cac-9593-831995809054/pypi/download/opentelemetry-exporter-otlp-proto-common/1.44/opentelemetry_exporter_otlp_proto_common-1.44.0-py3-none-any.whl", hash = "sha256:9a9fe61bba73d802904bc989f1d6b4a7b1ee40f06c40e98d6f85af65aaebb694" },
]

[[package]]
name = "opentelemetry-exporter-otlp-proto-grpc"
version = "1.44.0"
source = { registry = "https://pkgs.dev.azure.com/papeete-consulting/_packaging/papeete-python/pypi/simple/" }
dependencies = [
    { name = "googleapis-common-protos" },
    { name = "grpcio" },
    { name = "opentelemetry-api" },
    { name = "opentelemetry-exporter-otlp-proto-common" },
    { name = "opentelemetry-proto" },
    { name = "opentelemetry-sdk" },
    { name = "typing-extensions" },
]
sdist = { url = "https://pkgs.dev.azure.com/papeete-consulting/_packaging/cdf01efa-6739-4cac-9593-831995809054/pypi/download/opentelemetry-exporter-otlp-proto-grpc/1.44/opentelemetry_exporter_otlp_proto_grpc-1.44.0.tar.gz", hash = "sha256:40d1ae9e03fcc36de3cbac610cc99f35894938bff9cfd90fc4ec68bd85448463" }
wheels = [
    { url = "https://pkgs.dev.azure.com/papeete-consulting/_packaging/cdf01efa-6739-4cac-9593-831995809054/pypi/download/opentelemetry-exporter-otlp-proto-grpc/1.44/opentelemetry_exporter_otlp_proto_grpc-1.44.0-py3-none-any.whl", hash = "sha256:6a1a645ea182a2f59440c51fa8301d309f3324a8f9d65f8395584b064b67ee4e" },
]

[[package]]
name = "opentelemetry-proto"
version = "1.44.0"
source = { registry = "https://pkgs.dev.azure.com/papeete-consulting/_packaging/papeete-python/pypi/simple/" }
dependencies = [
    { name = "protobuf" },
]
sdist = { url = "https://pkgs.dev.azure.com/papeete-consulting/_packaging/cdf01efa-6739-4cac-9593-831995809054/pypi/download/opentelemetry-proto/1.44/opentelemetry_proto-1.44.0.tar.gz", hash = "sha256:c547a79c2f8c0c515d31509154682e5921c7cfd5ca67b70e1f9266e2c3e103f3" }
wheels = [
    { url = "https://pkgs.dev.azure.com/papeete-consulting/_packaging/cdf01efa-6739-4cac-9593-831995809054/pypi/download/opentelemetry-proto/1.44/opentelemetry_proto-1.44.0-py3-none-any.whl", hash = "sha256:898b155a0e1557afd867478fb6158e8122a46329ca0bb8dc53cc55e98f017f56" },
]

[[package]]
name = "opentelemetry-sdk"
version = "1.44.0"
source = { registry = "https://pkgs.dev.azure.com/papeete-consulting/_packaging/papeete-python/pypi/simple/" }
dependencies = [
    { name = "opentelemetry-api" },
    { name = "opentelemetry-semantic-conventions" },
    { name = "typing-extensions" },
]
sdist = { url = "https://pkgs.dev.azure.com/papeete-consulting/_packaging/cdf01efa-6739-4cac-9593-831995809054/pypi/download/opentelemetry-sdk/1.44/opentelemetry_sdk-1.44.0.tar.gz", hash = "sha256:cebe7f65dc12f26ead75c6064de12fd2a9052e5060c0272d402cfa203aae123b" }
wheels = [
    { url = "https://pkgs.dev.azure.com/papeete-consulting/_packaging/cdf01efa-6739-4cac-9593-831995809054/pypi/download/opentelemetry-sdk/1.44/opentelemetry_sdk-1.44.0-py3-none-any.whl", hash = "sha256:df081c4c6bcfdb1211e3e86140376792643128a25f8d72d1d27675936e7e96ad" },
]

[[package]]
name = "opentelemetry-semantic-conventions"
version = "0.65b0"
source = { registry = "https://pkgs.dev.azure.com/papeete-consulting/_packaging/papeete-python/pypi/simple/" }
dependencies = [
    { name = "opentelemetry-api" },
    { name = "typing-extensions" },
]
sdist = { url = "https://pkgs.dev.azure.com/papeete-consulting/_packaging/cdf01efa-6739-4cac-9593-831995809054/pypi/download/opentelemetry-semantic-conventions/0.65b0/opentelemetry_semantic_conventions-0.65b0.tar.gz", hash = "sha256:f9b2b81e9d5b64f11bc952075e7e9c7fb0aab075c7fd1c46d597f1b919852d60" }
wheels = [
    { url = "https://pkgs.dev.azure.com/papeete-consulting/_packaging/cdf01efa-6739-4cac-9593-831995809054/pypi/download/opentelemetry-semantic-conventions/0.65b0/opentelemetry_semantic_conventions-0.65b0-py3-none-any.whl", hash = "sha256:1cacde7b0ad306f84c5ef08c3dbe1bbaf20165bba6f8bff43b670e555a086bcb" },
]

[[package]]
name = "packaging"
version = "26.3"
source = { registry = "https://pkgs.dev.azure.com/papeete-consulting/_packaging/papeete-python/pypi/simple/" }
sdist = { url = "https://pkgs.dev.azure.com/papeete-consulting/_packaging/cdf01efa-6739-4cac-9593-831995809054/pypi/download/packaging/26.3/packaging-26.3.tar.gz", hash = "sha256:94edc256424af38762eb31306eed28beb9f0efc50a8837492c9d6fd6004aed79" }
wheels = [
    { url = "https://pkgs.dev.azure.com/papeete-consulting/_packaging/cdf01efa-6739-4cac-9593-831995809054/pypi/download/packaging/26.3/packaging-26.3-py3-none-any.whl", hash = "sha256:d7193f7c8e4e93f444fde0262bf90af30e16fa0ad0ad44cb553c87339b23cd1c" },
]

[[package]]
name = "papeete-actor"
version = "1.0.0"
source = { registry = "https://pkgs.dev.azure.com/papeete-consulting/_packaging/papeete-python/pypi/simple/" }
dependencies = [
    { name = "papeete-version" },
    { name = "pyyaml" },
]
sdist = { url = "https://pkgs.dev.azure.com/papeete-consulting/_packaging/cdf01efa-6739-4cac-9593-831995809054/pypi/download/papeete-actor/1/papeete_actor-1.0.0.tar.gz", hash = "sha256:5901815f2baa6a34408f96ba0cee65fb56e3804eab571b74a4589cecb215d456" }
wheels = [
    { url = "https://pkgs.dev.azure.com/papeete-consulting/_packaging/cdf01efa-6739-4cac-9593-831995809054/pypi/download/papeete-actor/1/papeete_actor-1.0.0-py3-none-any.whl", hash = "sha256:abf0313fa880f22a5e18fffbfa7ab56cce9cd857981ca3645cb0e86bdc8e220d" },
]

[[package]]
name = "papeete-actor-message"
version = "0.3.0"
source = { registry = "https://pkgs.dev.azure.com/papeete-consulting/_packaging/papeete-python/pypi/simple/" }
dependencies = [
    { name = "pyyaml" },
]
sdist = { url = "https://pkgs.dev.azure.com/papeete-consulting/_packaging/cdf01efa-6739-4cac-9593-831995809054/pypi/download/papeete-actor-message/0.3/papeete_actor_message-0.3.0.tar.gz", hash = "sha256:6697034524644647bee16e3a27d6dbf73e173ceaa5259a6973028356e96271e5" }
wheels = [
    { url = "https://pkgs.dev.azure.com/papeete-consulting/_packaging/cdf01efa-6739-4cac-9593-831995809054/pypi/download/papeete-actor-message/0.3/papeete_actor_message-0.3.0-py3-none-any.whl", hash = "sha256:2d7230fc778afb37718e1a43e9a8876043abe4356188ed2939d92890c3fa0a33" },
]

[[package]]
name = "papeete-actor-synchronous-messaging"
version = "0.2.1"
source = { registry = "https://pkgs.dev.azure.com/papeete-consulting/_packaging/papeete-python/pypi/simple/" }
dependencies = [
    { name = "papeete-actor" },
    { name = "papeete-actor-message" },
    { name = "pyyaml" },
]
sdist = { url = "https://pkgs.dev.azure.com/papeete-consulting/_packaging/cdf01efa-6739-4cac-9593-831995809054/pypi/download/papeete-actor-synchronous-messaging/0.2.1/papeete_actor_synchronous_messaging-0.2.1.tar.gz", hash = "sha256:405f01b40527ff64a60cac3364f7a09a8585828ba237171b34dadeca9e4b8b4c" }
wheels = [
    { url = "https://pkgs.dev.azure.com/papeete-consulting/_packaging/cdf01efa-6739-4cac-9593-831995809054/pypi/download/papeete-actor-synchronous-messaging/0.2.1/papeete_actor_synchronous_messaging-0.2.1-py3-none-any.whl", hash = "sha256:a0b770159cd49817606025f4da98724a3036c9332845ecbdebf339aa726b6a04" },
]

[[package]]
name = "papeete-actor-synchronous-messaging-http"
version = "0.4.0"
source = { registry = "https://pkgs.dev.azure.com/papeete-consulting/_packaging/papeete-python/pypi/simple/" }
dependencies = [
    { name = "papeete-actor-synchronous-messaging" },
]
sdist = { url = "https://pkgs.dev.azure.com/papeete-consulting/_packaging/cdf01efa-6739-4cac-9593-831995809054/pypi/download/papeete-actor-synchronous-messaging-http/0.4/papeete_actor_synchronous_messaging_http-0.4.0.tar.gz", hash = "sha256:01c89dde8662ee8bb9f0309a3fb01631fba7677b43206074e6a908c8dd41f869" }
wheels = [
    { url = "https://pkgs.dev.azure.com/papeete-consulting/_packaging/cdf01efa-6739-4cac-9593-831995809054/pypi/download/papeete-actor-synchronous-messaging-http/0.4/papeete_actor_synchronous_messaging_http-0.4.0-py3-none-any.whl", hash = "sha256:0cf1d152cabcf031926dedea021f00bab935ba1e4c134d363a3f170f65c1dd1c" },
]

[[package]]
name = "papeete-deploy"
version = "0.5.0"
source = { registry = "https://pkgs.dev.azure.com/papeete-consulting/_packaging/papeete-python/pypi/simple/" }
dependencies = [
    { name = "papeete-product" },
    { name = "papeete-version" },
    { name = "pyyaml" },
]
sdist = { url = "https://pkgs.dev.azure.com/papeete-consulting/_packaging/cdf01efa-6739-4cac-9593-831995809054/pypi/download/papeete-deploy/0.5/papeete_deploy-0.5.0.tar.gz", hash = "sha256:c1470890f69cc4f163e432bcbb1580fe3226082f8a4fdf3b90c70b5456c8a396" }
wheels = [
    { url = "https://pkgs.dev.azure.com/papeete-consulting/_packaging/cdf01efa-6739-4cac-9593-831995809054/pypi/download/papeete-deploy/0.5/papeete_deploy-0.5.0-py3-none-any.whl", hash = "sha256:2f96bf96f8e5de1e841289454c9f244af3a8ad0f946880bd1608cc86d7a23b63" },
]

[[package]]
name = "papeete-observability"
version = "0.1.0"
source = { registry = "https://pkgs.dev.azure.com/papeete-consulting/_packaging/papeete-python/pypi/simple/" }
dependencies = [
    { name = "opentelemetry-api" },
    { name = "opentelemetry-exporter-otlp-proto-grpc" },
    { name = "opentelemetry-sdk" },
]
sdist = { url = "https://pkgs.dev.azure.com/papeete-consulting/_packaging/cdf01efa-6739-4cac-9593-831995809054/pypi/download/papeete-observability/0.1/papeete_observability-0.1.0.tar.gz", hash = "sha256:622371f4771124eb7c926b2db37b32363b325846fe3d39ad2465e24a2322f0d7" }
wheels = [
    { url = "https://pkgs.dev.azure.com/papeete-consulting/_packaging/cdf01efa-6739-4cac-9593-831995809054/pypi/download/papeete-observability/0.1/papeete_observability-0.1.0-py3-none-any.whl", hash = "sha256:f7e67a982d6d1c50914d7e081e0e932c700072c157d7564eba667184453530f1" },
]

[[package]]
name = "papeete-product"
version = "0.1.2"
source = { registry = "https://pkgs.dev.azure.com/papeete-consulting/_packaging/papeete-python/pypi/simple/" }
dependencies = [
    { name = "pyyaml" },
]
sdist = { url = "https://pkgs.dev.azure.com/papeete-consulting/_packaging/cdf01efa-6739-4cac-9593-831995809054/pypi/download/papeete-product/0.1.2/papeete_product-0.1.2.tar.gz", hash = "sha256:77c76bc26f89a442fa2c405d6564e7c3b16a260388ff947b063e47338dcf243f" }
wheels = [
    { url = "https://pkgs.dev.azure.com/papeete-consulting/_packaging/cdf01efa-6739-4cac-9593-831995809054/pypi/download/papeete-product/0.1.2/papeete_product-0.1.2-py3-none-any.whl", hash = "sha256:dbcdc45d498bf0d98701317c62a48068db0546594236c7c35699f6c8503bdd0b" },
]

[[package]]
name = "papeete-version"
version = "0.1.1"
source = { registry = "https://pkgs.dev.azure.com/papeete-consulting/_packaging/papeete-python/pypi/simple/" }
sdist = { url = "https://pkgs.dev.azure.com/papeete-consulting/_packaging/cdf01efa-6739-4cac-9593-831995809054/pypi/download/papeete-version/0.1.1/papeete_version-0.1.1.tar.gz", hash = "sha256:3dc69f180264e851e3b44325f0281750e890eb1046fdd537b57b72b58d1b143a" }
wheels = [
    { url = "https://pkgs.dev.azure.com/papeete-consulting/_packaging/cdf01efa-6739-4cac-9593-831995809054/pypi/download/papeete-version/0.1.1/papeete_version-0.1.1-py3-none-any.whl", hash = "sha256:0adbdeda112ea78577a3588fac144c690f0865a1add4d80c8bef1b6773b6eb9a" },
]

[[package]]
name = "pluggy"
version = "1.6.0"
source = { registry = "https://pkgs.dev.azure.com/papeete-consulting/_packaging/papeete-python/pypi/simple/" }
sdist = { url = "https://pkgs.dev.azure.com/papeete-consulting/_packaging/cdf01efa-6739-4cac-9593-831995809054/pypi/download/pluggy/1.6/pluggy-1.6.0.tar.gz", hash = "sha256:7dcc130b76258d33b90f61b658791dede3486c3e6bfb003ee5c9bfb396dd22f3" }
wheels = [
    { url = "https://pkgs.dev.azure.com/papeete-consulting/_packaging/cdf01efa-6739-4cac-9593-831995809054/pypi/download/pluggy/1.6/pluggy-1.6.0-py3-none-any.whl", hash = "sha256:e920276dd6813095e9377c0bc5566d94c932c33b27a3e3945d8389c374dd4746" },
]

[[package]]
name = "protobuf"
version = "7.36.1"
source = { registry = "https://pkgs.dev.azure.com/papeete-consulting/_packaging/papeete-python/pypi/simple/" }
sdist = { url = "https://pkgs.dev.azure.com/papeete-consulting/_packaging/cdf01efa-6739-4cac-9593-831995809054/pypi/download/protobuf/7.36.1/protobuf-7.36.1.tar.gz", hash = "sha256:d0f6470f0ce2b84e3feaea2d4b816378b37ba4d4aa08a274305373de93e2d524" }
wheels = [
    { url = "https://pkgs.dev.azure.com/papeete-consulting/_packaging/cdf01efa-6739-4cac-9593-831995809054/pypi/download/protobuf/7.36.1/protobuf-7.36.1-cp310-abi3-macosx_10_9_universal2.whl", hash = "sha256:3cf2ee25d006cee57294a1196ea43b37feb78e0dcd1e8af5c1aeddb777655aca" },
    { url = "https://pkgs.dev.azure.com/papeete-consulting/_packaging/cdf01efa-6739-4cac-9593-831995809054/pypi/download/protobuf/7.36.1/protobuf-7.36.1-cp310-abi3-manylinux2014_aarch64.whl", hash = "sha256:43d3d37b1eb24c113b9b7d02008cac44e423f00b611b7781ae998d7623972969" },
    { url = "https://pkgs.dev.azure.com/papeete-consulting/_packaging/cdf01efa-6739-4cac-9593-831995809054/pypi/download/protobuf/7.36.1/protobuf-7.36.1-cp310-abi3-manylinux2014_s390x.whl", hash = "sha256:39c518c05586c016d7874ff6079ee115bcec1ea5fbb1d177fbf7867ef4c67e44" },
    { url = "https://pkgs.dev.azure.com/papeete-consulting/_packaging/cdf01efa-6739-4cac-9593-831995809054/pypi/download/protobuf/7.36.1/protobuf-7.36.1-cp310-abi3-manylinux2014_x86_64.whl", hash = "sha256:97198b77e369a0abd8e262b8f6c7266c55ddb796a3a12c76d7b8881188ed83aa" },
    { url = "https://pkgs.dev.azure.com/papeete-consulting/_packaging/cdf01efa-6739-4cac-9593-831995809054/pypi/download/protobuf/7.36.1/protobuf-7.36.1-cp310-abi3-win32.whl", hash = "sha256:0b53ce95272aad50ad25d7ff03373743209822e8ba42ea7fad27d2bee1547d00" },
    { url = "https://pkgs.dev.azure.com/papeete-consulting/_packaging/cdf01efa-6739-4cac-9593-831995809054/pypi/download/protobuf/7.36.1/protobuf-7.36.1-cp310-abi3-win_amd64.whl", hash = "sha256:51139351435d9b43d88a55eaa49fb6f737fbb478fb0cbf2cf694d1a04a9d3363" },
    { url = "https://pkgs.dev.azure.com/papeete-consulting/_packaging/cdf01efa-6739-4cac-9593-831995809054/pypi/download/protobuf/7.36.1/protobuf-7.36.1-py3-none-any.whl", hash = "sha256:7d951e46b3f963d6c264c367c437921de9d5aedd9c3f9612b9077736b4e3ad5c" },
]

[[package]]
name = "pygments"
version = "2.21.0"
source = { registry = "https://pkgs.dev.azure.com/papeete-consulting/_packaging/papeete-python/pypi/simple/" }
sdist = { url = "https://pkgs.dev.azure.com/papeete-consulting/_packaging/cdf01efa-6739-4cac-9593-831995809054/pypi/download/pygments/2.21/pygments-2.21.0.tar.gz", hash = "sha256:610ca751c9bc2492b38eb9a38a7fbc93edbbb2d7182edaf34e66ae493dee5c8c" }
wheels = [
    { url = "https://pkgs.dev.azure.com/papeete-consulting/_packaging/cdf01efa-6739-4cac-9593-831995809054/pypi/download/pygments/2.21/pygments-2.21.0-py3-none-any.whl", hash = "sha256:2363c69b61c4a97c838da3b130dcd6468f4848992b21a82f2a63ec34377137d9" },
]

[[package]]
name = "pytest"
version = "9.1.1"
source = { registry = "https://pkgs.dev.azure.com/papeete-consulting/_packaging/papeete-python/pypi/simple/" }
dependencies = [
    { name = "colorama", marker = "sys_platform == 'win32'" },
    { name = "iniconfig" },
    { name = "packaging" },
    { name = "pluggy" },
    { name = "pygments" },
]
sdist = { url = "https://pkgs.dev.azure.com/papeete-consulting/_packaging/cdf01efa-6739-4cac-9593-831995809054/pypi/download/pytest/9.1.1/pytest-9.1.1.tar.gz", hash = "sha256:1088fbde8f2b49d95a549a195707afa7a76a3ce9bcadc26b6d71f0ffda5fe313" }
wheels = [
    { url = "https://pkgs.dev.azure.com/papeete-consulting/_packaging/cdf01efa-6739-4cac-9593-831995809054/pypi/download/pytest/9.1.1/pytest-9.1.1-py3-none-any.whl", hash = "sha256:37a86b45efb9a47a61a36449063e8e18d0cab3161329fc099eb21783169c4f0c" },
]

[[package]]
name = "pyyaml"
version = "6.0.3"
source = { registry = "https://pkgs.dev.azure.com/papeete-consulting/_packaging/papeete-python/pypi/simple/" }
sdist = { url = "https://pkgs.dev.azure.com/papeete-consulting/_packaging/cdf01efa-6739-4cac-9593-831995809054/pypi/download/pyyaml/6.0.3/pyyaml-6.0.3.tar.gz", hash = "sha256:d76623373421df22fb4cf8817020cbb7ef15c725b9d5e45f17e189bfc384190f" }
wheels = [
    { url = "https://pkgs.dev.azure.com/papeete-consulting/_packaging/cdf01efa-6739-4cac-9593-831995809054/pypi/download/pyyaml/6.0.3/pyyaml-6.0.3-cp311-cp311-macosx_10_13_x86_64.whl", hash = "sha256:44edc647873928551a01e7a563d7452ccdebee747728c1080d881d68af7b997e" },
    { url = "https://pkgs.dev.azure.com/papeete-consulting/_packaging/cdf01efa-6739-4cac-9593-831995809054/pypi/download/pyyaml/6.0.3/pyyaml-6.0.3-cp311-cp311-macosx_11_0_arm64.whl", hash = "sha256:652cb6edd41e718550aad172851962662ff2681490a8a711af6a4d288dd96824" },
    { url = "https://pkgs.dev.azure.com/papeete-consulting/_packaging/cdf01efa-6739-4cac-9593-831995809054/pypi/download/pyyaml/6.0.3/pyyaml-6.0.3-cp311-cp311-manylinux2014_aarch64.manylinux_2_17_aarch64.manylinux_2_28_aarch64.whl", hash = "sha256:10892704fc220243f5305762e276552a0395f7beb4dbf9b14ec8fd43b57f126c" },
    { url = "https://pkgs.dev.azure.com/papeete-consulting/_packaging/cdf01efa-6739-4cac-9593-831995809054/pypi/download/pyyaml/6.0.3/pyyaml-6.0.3-cp311-cp311-manylinux2014_s390x.manylinux_2_17_s390x.manylinux_2_28_s390x.whl", hash = "sha256:850774a7879607d3a6f50d36d04f00ee69e7fc816450e5f7e58d7f17f1ae5c00" },
    { url = "https://pkgs.dev.azure.com/papeete-consulting/_packaging/cdf01efa-6739-4cac-9593-831995809054/pypi/download/pyyaml/6.0.3/pyyaml-6.0.3-cp311-cp311-manylinux2014_x86_64.manylinux_2_17_x86_64.manylinux_2_28_x86_64.whl", hash = "sha256:b8bb0864c5a28024fac8a632c443c87c5aa6f215c0b126c449ae1a150412f31d" },
    { url = "https://pkgs.dev.azure.com/papeete-consulting/_packaging/cdf01efa-6739-4cac-9593-831995809054/pypi/download/pyyaml/6.0.3/pyyaml-6.0.3-cp311-cp311-musllinux_1_2_aarch64.whl", hash = "sha256:1d37d57ad971609cf3c53ba6a7e365e40660e3be0e5175fa9f2365a379d6095a" },
    { url = "https://pkgs.dev.azure.com/papeete-consulting/_packaging/cdf01efa-6739-4cac-9593-831995809054/pypi/download/pyyaml/6.0.3/pyyaml-6.0.3-cp311-cp311-musllinux_1_2_x86_64.whl", hash = "sha256:37503bfbfc9d2c40b344d06b2199cf0e96e97957ab1c1b546fd4f87e53e5d3e4" },
    { url = "https://pkgs.dev.azure.com/papeete-consulting/_packaging/cdf01efa-6739-4cac-9593-831995809054/pypi/download/pyyaml/6.0.3/pyyaml-6.0.3-cp311-cp311-win32.whl", hash = "sha256:8098f252adfa6c80ab48096053f512f2321f0b998f98150cea9bd23d83e1467b" },
    { url = "https://pkgs.dev.azure.com/papeete-consulting/_packaging/cdf01efa-6739-4cac-9593-831995809054/pypi/download/pyyaml/6.0.3/pyyaml-6.0.3-cp311-cp311-win_amd64.whl", hash = "sha256:9f3bfb4965eb874431221a3ff3fdcddc7e74e3b07799e0e84ca4a0f867d449bf" },
    { url = "https://pkgs.dev.azure.com/papeete-consulting/_packaging/cdf01efa-6739-4cac-9593-831995809054/pypi/download/pyyaml/6.0.3/pyyaml-6.0.3-cp312-cp312-macosx_10_13_x86_64.whl", hash = "sha256:7f047e29dcae44602496db43be01ad42fc6f1cc0d8cd6c83d342306c32270196" },
    { url = "https://pkgs.dev.azure.com/papeete-consulting/_packaging/cdf01efa-6739-4cac-9593-831995809054/pypi/download/pyyaml/6.0.3/pyyaml-6.0.3-cp312-cp312-macosx_11_0_arm64.whl", hash = "sha256:fc09d0aa354569bc501d4e787133afc08552722d3ab34836a80547331bb5d4a0" },
    { url = "https://pkgs.dev.azure.com/papeete-consulting/_packaging/cdf01efa-6739-4cac-9593-831995809054/pypi/download/pyyaml/6.0.3/pyyaml-6.0.3-cp312-cp312-manylinux2014_aarch64.manylinux_2_17_aarch64.manylinux_2_28_aarch64.whl", hash = "sha256:9149cad251584d5fb4981be1ecde53a1ca46c891a79788c0df828d2f166bda28" },
    { url = "https://pkgs.dev.azure.com/papeete-consulting/_packaging/cdf01efa-6739-4cac-9593-831995809054/pypi/download/pyyaml/6.0.3/pyyaml-6.0.3-cp312-cp312-manylinux2014_s390x.manylinux_2_17_s390x.manylinux_2_28_s390x.whl", hash = "sha256:5fdec68f91a0c6739b380c83b951e2c72ac0197ace422360e6d5a959d8d97b2c" },
    { url = "https://pkgs.dev.azure.com/papeete-consulting/_packaging/cdf01efa-6739-4cac-9593-831995809054/pypi/download/pyyaml/6.0.3/pyyaml-6.0.3-cp312-cp312-manylinux2014_x86_64.manylinux_2_17_x86_64.manylinux_2_28_x86_64.whl", hash = "sha256:ba1cc08a7ccde2d2ec775841541641e4548226580ab850948cbfda66a1befcdc" },
    { url = "https://pkgs.dev.azure.com/papeete-consulting/_packaging/cdf01efa-6739-4cac-9593-831995809054/pypi/download/pyyaml/6.0.3/pyyaml-6.0.3-cp312-cp312-musllinux_1_2_aarch64.whl", hash = "sha256:8dc52c23056b9ddd46818a57b78404882310fb473d63f17b07d5c40421e47f8e" },
    { url = "https://pkgs.dev.azure.com/papeete-consulting/_packaging/cdf01efa-6739-4cac-9593-831995809054/pypi/download/pyyaml/6.0.3/pyyaml-6.0.3-cp312-cp312-musllinux_1_2_x86_64.whl", hash = "sha256:41715c910c881bc081f1e8872880d3c650acf13dfa8214bad49ed4cede7c34ea" },
    { url = "https://pkgs.dev.azure.com/papeete-consulting/_packaging/cdf01efa-6739-4cac-9593-831995809054/pypi/download/pyyaml/6.0.3/pyyaml-6.0.3-cp312-cp312-win32.whl", hash = "sha256:96b533f0e99f6579b3d4d4995707cf36df9100d67e0c8303a0c55b27b5f99bc5" },
    { url = "https://pkgs.dev.azure.com/papeete-consulting/_packaging/cdf01efa-6739-4cac-9593-831995809054/pypi/download/pyyaml/6.0.3/pyyaml-6.0.3-cp312-cp312-win_amd64.whl", hash = "sha256:5fcd34e47f6e0b794d17de1b4ff496c00986e1c83f7ab2fb8fcfe9616ff7477b" },
    { url = "https://pkgs.dev.azure.com/papeete-consulting/_packaging/cdf01efa-6739-4cac-9593-831995809054/pypi/download/pyyaml/6.0.3/pyyaml-6.0.3-cp312-cp312-win_arm64.whl", hash = "sha256:64386e5e707d03a7e172c0701abfb7e10f0fb753ee1d773128192742712a98fd" },
    { url = "https://pkgs.dev.azure.com/papeete-consulting/_packaging/cdf01efa-6739-4cac-9593-831995809054/pypi/download/pyyaml/6.0.3/pyyaml-6.0.3-cp313-cp313-macosx_10_13_x86_64.whl", hash = "sha256:8da9669d359f02c0b91ccc01cac4a67f16afec0dac22c2ad09f46bee0697eba8" },
    { url = "https://pkgs.dev.azure.com/papeete-consulting/_packaging/cdf01efa-6739-4cac-9593-831995809054/pypi/download/pyyaml/6.0.3/pyyaml-6.0.3-cp313-cp313-macosx_11_0_arm64.whl", hash = "sha256:2283a07e2c21a2aa78d9c4442724ec1eb15f5e42a723b99cb3d822d48f5f7ad1" },
    { url = "https://pkgs.dev.azure.com/papeete-consulting/_packaging/cdf01efa-6739-4cac-9593-831995809054/pypi/download/pyyaml/6.0.3/pyyaml-6.0.3-cp313-cp313-manylinux2014_aarch64.manylinux_2_17_aarch64.manylinux_2_28_aarch64.whl", hash = "sha256:ee2922902c45ae8ccada2c5b501ab86c36525b883eff4255313a253a3160861c" },
    { url = "https://pkgs.dev.azure.com/papeete-consulting/_packaging/cdf01efa-6739-4cac-9593-831995809054/pypi/download/pyyaml/6.0.3/pyyaml-6.0.3-cp313-cp313-manylinux2014_s390x.manylinux_2_17_s390x.manylinux_2_28_s390x.whl", hash = "sha256:a33284e20b78bd4a18c8c2282d549d10bc8408a2a7ff57653c0cf0b9be0afce5" },
    { url = "https://pkgs.dev.azure.com/papeete-consulting/_packaging/cdf01efa-6739-4cac-9593-831995809054/pypi/download/pyyaml/6.0.3/pyyaml-6.0.3-cp313-cp313-manylinux2014_x86_64.manylinux_2_17_x86_64.manylinux_2_28_x86_64.whl", hash = "sha256:0f29edc409a6392443abf94b9cf89ce99889a1dd5376d94316ae5145dfedd5d6" },
    { url = "https://pkgs.dev.azure.com/papeete-consulting/_packaging/cdf01efa-6739-4cac-9593-831995809054/pypi/download/pyyaml/6.0.3/pyyaml-6.0.3-cp313-cp313-musllinux_1_2_aarch64.whl", hash = "sha256:f7057c9a337546edc7973c0d3ba84ddcdf0daa14533c2065749c9075001090e6" },
    { url = "https://pkgs.dev.azure.com/papeete-consulting/_packaging/cdf01efa-6739-4cac-9593-831995809054/pypi/download/pyyaml/6.0.3/pyyaml-6.0.3-cp313-cp313-musllinux_1_2_x86_64.whl", hash = "sha256:eda16858a3cab07b80edaf74336ece1f986ba330fdb8ee0d6c0d68fe82bc96be" },
    { url = "https://pkgs.dev.azure.com/papeete-consulting/_packaging/cdf01efa-6739-4cac-9593-831995809054/pypi/download/pyyaml/6.0.3/pyyaml-6.0.3-cp313-cp313-win32.whl", hash = "sha256:d0eae10f8159e8fdad514efdc92d74fd8d682c933a6dd088030f3834bc8e6b26" },
    { url = "https://pkgs.dev.azure.com/papeete-consulting/_packaging/cdf01efa-6739-4cac-9593-831995809054/pypi/download/pyyaml/6.0.3/pyyaml-6.0.3-cp313-cp313-win_amd64.whl", hash = "sha256:79005a0d97d5ddabfeeea4cf676af11e647e41d81c9a7722a193022accdb6b7c" },
    { url = "https://pkgs.dev.azure.com/papeete-consulting/_packaging/cdf01efa-6739-4cac-9593-831995809054/pypi/download/pyyaml/6.0.3/pyyaml-6.0.3-cp313-cp313-win_arm64.whl", hash = "sha256:5498cd1645aa724a7c71c8f378eb29ebe23da2fc0d7a08071d89469bf1d2defb" },
    { url = "https://pkgs.dev.azure.com/papeete-consulting/_packaging/cdf01efa-6739-4cac-9593-831995809054/pypi/download/pyyaml/6.0.3/pyyaml-6.0.3-cp314-cp314-macosx_10_13_x86_64.whl", hash = "sha256:8d1fab6bb153a416f9aeb4b8763bc0f22a5586065f86f7664fc23339fc1c1fac" },
    { url = "https://pkgs.dev.azure.com/papeete-consulting/_packaging/cdf01efa-6739-4cac-9593-831995809054/pypi/download/pyyaml/6.0.3/pyyaml-6.0.3-cp314-cp314-macosx_11_0_arm64.whl", hash = "sha256:34d5fcd24b8445fadc33f9cf348c1047101756fd760b4dacb5c3e99755703310" },
    { url = "https://pkgs.dev.azure.com/papeete-consulting/_packaging/cdf01efa-6739-4cac-9593-831995809054/pypi/download/pyyaml/6.0.3/pyyaml-6.0.3-cp314-cp314-manylinux2014_aarch64.manylinux_2_17_aarch64.manylinux_2_28_aarch64.whl", hash = "sha256:501a031947e3a9025ed4405a168e6ef5ae3126c59f90ce0cd6f2bfc477be31b7" },
    { url = "https://pkgs.dev.azure.com/papeete-consulting/_packaging/cdf01efa-6739-4cac-9593-831995809054/pypi/download/pyyaml/6.0.3/pyyaml-6.0.3-cp314-cp314-manylinux2014_s390x.manylinux_2_17_s390x.manylinux_2_28_s390x.whl", hash = "sha256:b3bc83488de33889877a0f2543ade9f70c67d66d9ebb4ac959502e12de895788" },
    { url = "https://pkgs.dev.azure.com/papeete-consulting/_packaging/cdf01efa-6739-4cac-9593-831995809054/pypi/download/pyyaml/6.0.3/pyyaml-6.0.3-cp314-cp314-manylinux2014_x86_64.manylinux_2_17_x86_64.manylinux_2_28_x86_64.whl", hash = "sha256:c458b6d084f9b935061bc36216e8a69a7e293a2f1e68bf956dcd9e6cbcd143f5" },
    { url = "https://pkgs.dev.azure.com/papeete-consulting/_packaging/cdf01efa-6739-4cac-9593-831995809054/pypi/download/pyyaml/6.0.3/pyyaml-6.0.3-cp314-cp314-musllinux_1_2_aarch64.whl", hash = "sha256:7c6610def4f163542a622a73fb39f534f8c101d690126992300bf3207eab9764" },
    { url = "https://pkgs.dev.azure.com/papeete-consulting/_packaging/cdf01efa-6739-4cac-9593-831995809054/pypi/download/pyyaml/6.0.3/pyyaml-6.0.3-cp314-cp314-musllinux_1_2_x86_64.whl", hash = "sha256:5190d403f121660ce8d1d2c1bb2ef1bd05b5f68533fc5c2ea899bd15f4399b35" },
    { url = "https://pkgs.dev.azure.com/papeete-consulting/_packaging/cdf01efa-6739-4cac-9593-831995809054/pypi/download/pyyaml/6.0.3/pyyaml-6.0.3-cp314-cp314-win_amd64.whl", hash = "sha256:4a2e8cebe2ff6ab7d1050ecd59c25d4c8bd7e6f400f5f82b96557ac0abafd0ac" },
    { url = "https://pkgs.dev.azure.com/papeete-consulting/_packaging/cdf01efa-6739-4cac-9593-831995809054/pypi/download/pyyaml/6.0.3/pyyaml-6.0.3-cp314-cp314-win_arm64.whl", hash = "sha256:93dda82c9c22deb0a405ea4dc5f2d0cda384168e466364dec6255b293923b2f3" },
    { url = "https://pkgs.dev.azure.com/papeete-consulting/_packaging/cdf01efa-6739-4cac-9593-831995809054/pypi/download/pyyaml/6.0.3/pyyaml-6.0.3-cp314-cp314t-macosx_10_13_x86_64.whl", hash = "sha256:02893d100e99e03eda1c8fd5c441d8c60103fd175728e23e431db1b589cf5ab3" },
    { url = "https://pkgs.dev.azure.com/papeete-consulting/_packaging/cdf01efa-6739-4cac-9593-831995809054/pypi/download/pyyaml/6.0.3/pyyaml-6.0.3-cp314-cp314t-macosx_11_0_arm64.whl", hash = "sha256:c1ff362665ae507275af2853520967820d9124984e0f7466736aea23d8611fba" },
    { url = "https://pkgs.dev.azure.com/papeete-consulting/_packaging/cdf01efa-6739-4cac-9593-831995809054/pypi/download/pyyaml/6.0.3/pyyaml-6.0.3-cp314-cp314t-manylinux2014_aarch64.manylinux_2_17_aarch64.manylinux_2_28_aarch64.whl", hash = "sha256:6adc77889b628398debc7b65c073bcb99c4a0237b248cacaf3fe8a557563ef6c" },
    { url = "https://pkgs.dev.azure.com/papeete-consulting/_packaging/cdf01efa-6739-4cac-9593-831995809054/pypi/download/pyyaml/6.0.3/pyyaml-6.0.3-cp314-cp314t-manylinux2014_s390x.manylinux_2_17_s390x.manylinux_2_28_s390x.whl", hash = "sha256:a80cb027f6b349846a3bf6d73b5e95e782175e52f22108cfa17876aaeff93702" },
    { url = "https://pkgs.dev.azure.com/papeete-consulting/_packaging/cdf01efa-6739-4cac-9593-831995809054/pypi/download/pyyaml/6.0.3/pyyaml-6.0.3-cp314-cp314t-manylinux2014_x86_64.manylinux_2_17_x86_64.manylinux_2_28_x86_64.whl", hash = "sha256:00c4bdeba853cc34e7dd471f16b4114f4162dc03e6b7afcc2128711f0eca823c" },
    { url = "https://pkgs.dev.azure.com/papeete-consulting/_packaging/cdf01efa-6739-4cac-9593-831995809054/pypi/download/pyyaml/6.0.3/pyyaml-6.0.3-cp314-cp314t-musllinux_1_2_aarch64.whl", hash = "sha256:66e1674c3ef6f541c35191caae2d429b967b99e02040f5ba928632d9a7f0f065" },
    { url = "https://pkgs.dev.azure.com/papeete-consulting/_packaging/cdf01efa-6739-4cac-9593-831995809054/pypi/download/pyyaml/6.0.3/pyyaml-6.0.3-cp314-cp314t-musllinux_1_2_x86_64.whl", hash = "sha256:16249ee61e95f858e83976573de0f5b2893b3677ba71c9dd36b9cf8be9ac6d65" },
    { url = "https://pkgs.dev.azure.com/papeete-consulting/_packaging/cdf01efa-6739-4cac-9593-831995809054/pypi/download/pyyaml/6.0.3/pyyaml-6.0.3-cp314-cp314t-win_amd64.whl", hash = "sha256:4ad1906908f2f5ae4e5a8ddfce73c320c2a1429ec52eafd27138b7f1cbe341c9" },
    { url = "https://pkgs.dev.azure.com/papeete-consulting/_packaging/cdf01efa-6739-4cac-9593-831995809054/pypi/download/pyyaml/6.0.3/pyyaml-6.0.3-cp314-cp314t-win_arm64.whl", hash = "sha256:ebc55a14a21cb14062aa4162f906cd962b28e2e9ea38f9b4391244cd8de4ae0b" },
]

[[package]]
name = "typing-extensions"
version = "4.16.0"
source = { registry = "https://pkgs.dev.azure.com/papeete-consulting/_packaging/papeete-python/pypi/simple/" }
sdist = { url = "https://pkgs.dev.azure.com/papeete-consulting/_packaging/cdf01efa-6739-4cac-9593-831995809054/pypi/download/typing-extensions/4.16/typing_extensions-4.16.0.tar.gz", hash = "sha256:dc983d19a509c94dba722ee6abd33940f7c05a89e243c47e907eb4db6f1a43e5" }
wheels = [
    { url = "https://pkgs.dev.azure.com/papeete-consulting/_packaging/cdf01efa-6739-4cac-9593-831995809054/pypi/download/typing-extensions/4.16/typing_extensions-4.16.0-py3-none-any.whl", hash = "sha256:481caa481374e813c1b176ada14e97f1f67a4539ce9cfeb3f350d78d6370c2e8" },
]
